// !$*UTF8*$!
{
	archiveVersion = 1;
	classes = {
	};
	objectVersion = 56;
	objects = {

/* Begin PBXBuildFile section */
		E7BCF1492A829A77003CE0CD /* BitcoinWallet_iOSApp.swift in Sources */ = {isa = PBXBuildFile; fileRef = E7BCF1482A829A77003CE0CD /* BitcoinWallet_iOSApp.swift */; };
		E7BCF14B2A829A77003CE0CD /* ContentView.swift in Sources */ = {isa = PBXBuildFile; fileRef = E7BCF14A2A829A77003CE0CD /* ContentView.swift */; };
		E7BCF14D2A829A79003CE0CD /* Assets.xcassets in Resources */ = {isa = PBXBuildFile; fileRef = E7BCF14C2A829A79003CE0CD /* Assets.xcassets */; };
		E7BCF1502A829A79003CE0CD /* Preview Assets.xcassets in Resources */ = {isa = PBXBuildFile; fileRef = E7BCF14F2A829A79003CE0CD /* Preview Assets.xcassets */; };
		E7BCF1582A82F92A003CE0CD /* ExchangeRates.swift in Sources */ = {isa = PBXBuildFile; fileRef = E7BCF1572A82F92A003CE0CD /* ExchangeRates.swift */; };
		E7BCF15C2A82FB18003CE0CD /* ExchangeRatesManager.swift in Sources */ = {isa = PBXBuildFile; fileRef = E7BCF15B2A82FB18003CE0CD /* ExchangeRatesManager.swift */; };
		E7BCF15F2A830396003CE0CD /* Content-ViewModel.swift in Sources */ = {isa = PBXBuildFile; fileRef = E7BCF15E2A830396003CE0CD /* Content-ViewModel.swift */; };
		E7BCF1612A86D298003CE0CD /* FluctuationRates.swift in Sources */ = {isa = PBXBuildFile; fileRef = E7BCF1602A86D298003CE0CD /* FluctuationRates.swift */; };
		E7BCF1652A86D7F2003CE0CD /* DateExtension.swift in Sources */ = {isa = PBXBuildFile; fileRef = E7BCF1642A86D7F2003CE0CD /* DateExtension.swift */; };
/* End PBXBuildFile section */

/* Begin PBXFileReference section */
		E7BCF1452A829A77003CE0CD /* BitcoinWallet-iOS.app */ = {isa = PBXFileReference; explicitFileType = wrapper.application; includeInIndex = 0; path = "BitcoinWallet-iOS.app"; sourceTree = BUILT_PRODUCTS_DIR; };
		E7BCF1482A829A77003CE0CD /* BitcoinWallet_iOSApp.swift */ = {isa = PBXFileReference; lastKnownFileType = sourcecode.swift; path = BitcoinWallet_iOSApp.swift; sourceTree = "<group>"; };
		E7BCF14A2A829A77003CE0CD /* ContentView.swift */ = {isa = PBXFileReference; lastKnownFileType = sourcecode.swift; path = ContentView.swift; sourceTree = "<group>"; };
		E7BCF14C2A829A79003CE0CD /* Assets.xcassets */ = {isa = PBXFileReference; lastKnownFileType = folder.assetcatalog; path = Assets.xcassets; sourceTree = "<group>"; };
		E7BCF14F2A829A79003CE0CD /* Preview Assets.xcassets */ = {isa = PBXFileReference; lastKnownFileType = folder.assetcatalog; path = "Preview Assets.xcassets"; sourceTree = "<group>"; };
		E7BCF1572A82F92A003CE0CD /* ExchangeRates.swift */ = {isa = PBXFileReference; lastKnownFileType = sourcecode.swift; path = ExchangeRates.swift; sourceTree = "<group>"; };
		E7BCF15B2A82FB18003CE0CD /* ExchangeRatesManager.swift */ = {isa = PBXFileReference; lastKnownFileType = sourcecode.swift; path = ExchangeRatesManager.swift; sourceTree = "<group>"; };
		E7BCF15E2A830396003CE0CD /* Content-ViewModel.swift */ = {isa = PBXFileReference; lastKnownFileType = sourcecode.swift; path = "Content-ViewModel.swift"; sourceTree = "<group>"; };
		E7BCF1602A86D298003CE0CD /* FluctuationRates.swift */ = {isa = PBXFileReference; lastKnownFileType = sourcecode.swift; path = FluctuationRates.swift; sourceTree = "<group>"; };
		E7BCF1642A86D7F2003CE0CD /* DateExtension.swift */ = {isa = PBXFileReference; lastKnownFileType = sourcecode.swift; path = DateExtension.swift; sourceTree = "<group>"; };
/* End PBXFileReference section */

/* Begin PBXFrameworksBuildPhase section */
		E7BCF1422A829A77003CE0CD /* Frameworks */ = {
			isa = PBXFrameworksBuildPhase;
			buildActionMask = 2147483647;
			files = (
			);
			runOnlyForDeploymentPostprocessing = 0;
		};
/* End PBXFrameworksBuildPhase section */

/* Begin PBXGroup section */
		E7BCF13C2A829A77003CE0CD = {
			isa = PBXGroup;
			children = (
				E7BCF1472A829A77003CE0CD /* BitcoinWallet-iOS */,
				E7BCF1462A829A77003CE0CD /* Products */,
			);
			sourceTree = "<group>";
		};
		E7BCF1462A829A77003CE0CD /* Products */ = {
			isa = PBXGroup;
			children = (
				E7BCF1452A829A77003CE0CD /* BitcoinWallet-iOS.app */,
			);
			name = Products;
			sourceTree = "<group>";
		};
		E7BCF1472A829A77003CE0CD /* BitcoinWallet-iOS */ = {
			isa = PBXGroup;
			children = (
				E7BCF1622A86D7C9003CE0CD /* Helpers */,
				E7BCF1482A829A77003CE0CD /* BitcoinWallet_iOSApp.swift */,
				E7BCF15D2A83036B003CE0CD /* ContentView */,
				E7BCF1592A82FADF003CE0CD /* API */,
				E7BCF14C2A829A79003CE0CD /* Assets.xcassets */,
				E7BCF14E2A829A79003CE0CD /* Preview Content */,
			);
			path = "BitcoinWallet-iOS";
			sourceTree = "<group>";
		};
		E7BCF14E2A829A79003CE0CD /* Preview Content */ = {
			isa = PBXGroup;
			children = (
				E7BCF14F2A829A79003CE0CD /* Preview Assets.xcassets */,
			);
			path = "Preview Content";
			sourceTree = "<group>";
		};
		E7BCF1562A82F8EB003CE0CD /* Models */ = {
			isa = PBXGroup;
			children = (
				E7BCF1572A82F92A003CE0CD /* ExchangeRates.swift */,
				E7BCF1602A86D298003CE0CD /* FluctuationRates.swift */,
			);
			path = Models;
			sourceTree = "<group>";
		};
		E7BCF1592A82FADF003CE0CD /* API */ = {
			isa = PBXGroup;
			children = (
				E7BCF15A2A82FAF5003CE0CD /* Manager */,
				E7BCF1562A82F8EB003CE0CD /* Models */,
			);
			path = API;
			sourceTree = "<group>";
		};
		E7BCF15A2A82FAF5003CE0CD /* Manager */ = {
			isa = PBXGroup;
			children = (
				E7BCF15B2A82FB18003CE0CD /* ExchangeRatesManager.swift */,
			);
			path = Manager;
			sourceTree = "<group>";
		};
		E7BCF15D2A83036B003CE0CD /* ContentView */ = {
			isa = PBXGroup;
			children = (
				E7BCF14A2A829A77003CE0CD /* ContentView.swift */,
				E7BCF15E2A830396003CE0CD /* Content-ViewModel.swift */,
			);
			path = ContentView;
			sourceTree = "<group>";
		};
		E7BCF1622A86D7C9003CE0CD /* Helpers */ = {
			isa = PBXGroup;
			children = (
				E7BCF1632A86D7D7003CE0CD /* Extensions */,
			);
			path = Helpers;
			sourceTree = "<group>";
		};
		E7BCF1632A86D7D7003CE0CD /* Extensions */ = {
			isa = PBXGroup;
			children = (
				E7BCF1642A86D7F2003CE0CD /* DateExtension.swift */,
			);
			path = Extensions;
			sourceTree = "<group>";
		};
/* End PBXGroup section */

/* Begin PBXNativeTarget section */
		E7BCF1442A829A77003CE0CD /* BitcoinWallet-iOS */ = {
			isa = PBXNativeTarget;
			buildConfigurationList = E7BCF1532A829A79003CE0CD /* Build configuration list for PBXNativeTarget "BitcoinWallet-iOS" */;
			buildPhases = (
				E7BCF1412A829A77003CE0CD /* Sources */,
				E7BCF1422A829A77003CE0CD /* Frameworks */,
				E7BCF1432A829A77003CE0CD /* Resources */,
			);
			buildRules = (
			);
			dependencies = (
			);
			name = "BitcoinWallet-iOS";
			productName = "BitcoinWallet-iOS";
			productReference = E7BCF1452A829A77003CE0CD /* BitcoinWallet-iOS.app */;
			productType = "com.apple.product-type.application";
		};
/* End PBXNativeTarget section */

/* Begin PBXProject section */
		E7BCF13D2A829A77003CE0CD /* Project object */ = {
			isa = PBXProject;
			attributes = {
				BuildIndependentTargetsInParallel = 1;
				LastSwiftUpdateCheck = 1430;
				LastUpgradeCheck = 1430;
				TargetAttributes = {
					E7BCF1442A829A77003CE0CD = {
						CreatedOnToolsVersion = 14.3;
					};
				};
			};
			buildConfigurationList = E7BCF1402A829A77003CE0CD /* Build configuration list for PBXProject "BitcoinWallet-iOS" */;
			compatibilityVersion = "Xcode 14.0";
			developmentRegion = en;
			hasScannedForEncodings = 0;
			knownRegions = (
				en,
				Base,
			);
			mainGroup = E7BCF13C2A829A77003CE0CD;
			productRefGroup = E7BCF1462A829A77003CE0CD /* Products */;
			projectDirPath = "";
			projectRoot = "";
			targets = (
				E7BCF1442A829A77003CE0CD /* BitcoinWallet-iOS */,
			);
		};
/* End PBXProject section */

/* Begin PBXResourcesBuildPhase section */
		E7BCF1432A829A77003CE0CD /* Resources */ = {
			isa = PBXResourcesBuildPhase;
			buildActionMask = 2147483647;
			files = (
				E7BCF1502A829A79003CE0CD /* Preview Assets.xcassets in Resources */,
				E7BCF14D2A829A79003CE0CD /* Assets.xcassets in Resources */,
			);
			runOnlyForDeploymentPostprocessing = 0;
		};
/* End PBXResourcesBuildPhase section */

/* Begin PBXSourcesBuildPhase section */
		E7BCF1412A829A77003CE0CD /* Sources */ = {
			isa = PBXSourcesBuildPhase;
			buildActionMask = 2147483647;
			files = (
				E7BCF14B2A829A77003CE0CD /* ContentView.swift in Sources */,
				E7BCF1652A86D7F2003CE0CD /* DateExtension.swift in Sources */,
				E7BCF1582A82F92A003CE0CD /* ExchangeRates.swift in Sources */,
				E7BCF15C2A82FB18003CE0CD /* ExchangeRatesManager.swift in Sources */,
				E7BCF15F2A830396003CE0CD /* Content-ViewModel.swift in Sources */,
				E7BCF1612A86D298003CE0CD /* FluctuationRates.swift in Sources */,
				E7BCF1492A829A77003CE0CD /* BitcoinWallet_iOSApp.swift in Sources */,
			);
			runOnlyForDeploymentPostprocessing = 0;
		};
/* End PBXSourcesBuildPhase section */

/* Begin XCBuildConfiguration section */
		E7BCF1512A829A79003CE0CD /* Debug */ = {
			isa = XCBuildConfiguration;
			buildSettings = {
				ALWAYS_SEARCH_USER_PATHS = NO;
				CLANG_ANALYZER_NONNULL = YES;
				CLANG_ANALYZER_NUMBER_OBJECT_CONVERSION = YES_AGGRESSIVE;
				CLANG_CXX_LANGUAGE_STANDARD = "gnu++20";
				CLANG_ENABLE_MODULES = YES;
				CLANG_ENABLE_OBJC_ARC = YES;
				CLANG_ENABLE_OBJC_WEAK = YES;
				CLANG_WARN_BLOCK_CAPTURE_AUTORELEASING = YES;
				CLANG_WARN_BOOL_CONVERSION = YES;
				CLANG_WARN_COMMA = YES;
				CLANG_WARN_CONSTANT_CONVERSION = YES;
				CLANG_WARN_DEPRECATED_OBJC_IMPLEMENTATIONS = YES;
				CLANG_WARN_DIRECT_OBJC_ISA_USAGE = YES_ERROR;
				CLANG_WARN_DOCUMENTATION_COMMENTS = YES;
				CLANG_WARN_EMPTY_BODY = YES;
				CLANG_WARN_ENUM_CONVERSION = YES;
				CLANG_WARN_INFINITE_RECURSION = YES;
				CLANG_WARN_INT_CONVERSION = YES;
				CLANG_WARN_NON_LITERAL_NULL_CONVERSION = YES;
				CLANG_WARN_OBJC_IMPLICIT_RETAIN_SELF = YES;
				CLANG_WARN_OBJC_LITERAL_CONVERSION = YES;
				CLANG_WARN_OBJC_ROOT_CLASS = YES_ERROR;
				CLANG_WARN_QUOTED_INCLUDE_IN_FRAMEWORK_HEADER = YES;
				CLANG_WARN_RANGE_LOOP_ANALYSIS = YES;
				CLANG_WARN_STRICT_PROTOTYPES = YES;
				CLANG_WARN_SUSPICIOUS_MOVE = YES;
				CLANG_WARN_UNGUARDED_AVAILABILITY = YES_AGGRESSIVE;
				CLANG_WARN_UNREACHABLE_CODE = YES;
				CLANG_WARN__DUPLICATE_METHOD_MATCH = YES;
				COPY_PHASE_STRIP = NO;
				DEBUG_INFORMATION_FORMAT = dwarf;
				ENABLE_STRICT_OBJC_MSGSEND = YES;
				ENABLE_TESTABILITY = YES;
				GCC_C_LANGUAGE_STANDARD = gnu11;
				GCC_DYNAMIC_NO_PIC = NO;
				GCC_NO_COMMON_BLOCKS = YES;
				GCC_OPTIMIZATION_LEVEL = 0;
				GCC_PREPROCESSOR_DEFINITIONS = (
					"DEBUG=1",
					"$(inherited)",
				);
				GCC_WARN_64_TO_32_BIT_CONVERSION = YES;
				GCC_WARN_ABOUT_RETURN_TYPE = YES_ERROR;
				GCC_WARN_UNDECLARED_SELECTOR = YES;
				GCC_WARN_UNINITIALIZED_AUTOS = YES_AGGRESSIVE;
				GCC_WARN_UNUSED_FUNCTION = YES;
				GCC_WARN_UNUSED_VARIABLE = YES;
				IPHONEOS_DEPLOYMENT_TARGET = 16.4;
				MTL_ENABLE_DEBUG_INFO = INCLUDE_SOURCE;
				MTL_FAST_MATH = YES;
				ONLY_ACTIVE_ARCH = YES;
				SDKROOT = iphoneos;
				SWIFT_ACTIVE_COMPILATION_CONDITIONS = DEBUG;
				SWIFT_OPTIMIZATION_LEVEL = "-Onone";
			};
			name = Debug;
		};
		E7BCF1522A829A79003CE0CD /* Release */ = {
			isa = XCBuildConfiguration;
			buildSettings = {
				ALWAYS_SEARCH_USER_PATHS = NO;
				CLANG_ANALYZER_NONNULL = YES;
				CLANG_ANALYZER_NUMBER_OBJECT_CONVERSION = YES_AGGRESSIVE;
				CLANG_CXX_LANGUAGE_STANDARD = "gnu++20";
				CLANG_ENABLE_MODULES = YES;
				CLANG_ENABLE_OBJC_ARC = YES;
				CLANG_ENABLE_OBJC_WEAK = YES;
				CLANG_WARN_BLOCK_CAPTURE_AUTORELEASING = YES;
				CLANG_WARN_BOOL_CONVERSION = YES;
				CLANG_WARN_COMMA = YES;
				CLANG_WARN_CONSTANT_CONVERSION = YES;
				CLANG_WARN_DEPRECATED_OBJC_IMPLEMENTATIONS = YES;
				CLANG_WARN_DIRECT_OBJC_ISA_USAGE = YES_ERROR;
				CLANG_WARN_DOCUMENTATION_COMMENTS = YES;
				CLANG_WARN_EMPTY_BODY = YES;
				CLANG_WARN_ENUM_CONVERSION = YES;
				CLANG_WARN_INFINITE_RECURSION = YES;
				CLANG_WARN_INT_CONVERSION = YES;
				CLANG_WARN_NON_LITERAL_NULL_CONVERSION = YES;
				CLANG_WARN_OBJC_IMPLICIT_RETAIN_SELF = YES;
				CLANG_WARN_OBJC_LITERAL_CONVERSION = YES;
				CLANG_WARN_OBJC_ROOT_CLASS = YES_ERROR;
				CLANG_WARN_QUOTED_INCLUDE_IN_FRAMEWORK_HEADER = YES;
				CLANG_WARN_RANGE_LOOP_ANALYSIS = YES;
				CLANG_WARN_STRICT_PROTOTYPES = YES;
				CLANG_WARN_SUSPICIOUS_MOVE = YES;
				CLANG_WARN_UNGUARDED_AVAILABILITY = YES_AGGRESSIVE;
				CLANG_WARN_UNREACHABLE_CODE = YES;
				CLANG_WARN__DUPLICATE_METHOD_MATCH = YES;
				COPY_PHASE_STRIP = NO;
				DEBUG_INFORMATION_FORMAT = "dwarf-with-dsym";
				ENABLE_NS_ASSERTIONS = NO;
				ENABLE_STRICT_OBJC_MSGSEND = YES;
				GCC_C_LANGUAGE_STANDARD = gnu11;
				GCC_NO_COMMON_BLOCKS = YES;
				GCC_WARN_64_TO_32_BIT_CONVERSION = YES;
				GCC_WARN_ABOUT_RETURN_TYPE = YES_ERROR;
				GCC_WARN_UNDECLARED_SELECTOR = YES;
				GCC_WARN_UNINITIALIZED_AUTOS = YES_AGGRESSIVE;
				GCC_WARN_UNUSED_FUNCTION = YES;
				GCC_WARN_UNUSED_VARIABLE = YES;
				IPHONEOS_DEPLOYMENT_TARGET = 16.4;
				MTL_ENABLE_DEBUG_INFO = NO;
				MTL_FAST_MATH = YES;
				SDKROOT = iphoneos;
				SWIFT_COMPILATION_MODE = wholemodule;
				SWIFT_OPTIMIZATION_LEVEL = "-O";
				VALIDATE_PRODUCT = YES;
			};
			name = Release;
		};
		E7BCF1542A829A79003CE0CD /* Debug */ = {
			isa = XCBuildConfiguration;
			buildSettings = {
				ASSETCATALOG_COMPILER_APPICON_NAME = AppIcon;
				ASSETCATALOG_COMPILER_GLOBAL_ACCENT_COLOR_NAME = AccentColor;
				CODE_SIGN_STYLE = Automatic;
				CURRENT_PROJECT_VERSION = 1;
				DEVELOPMENT_ASSET_PATHS = "\"BitcoinWallet-iOS/Preview Content\"";
				ENABLE_PREVIEWS = YES;
				GENERATE_INFOPLIST_FILE = YES;
				INFOPLIST_KEY_UIApplicationSceneManifest_Generation = YES;
				INFOPLIST_KEY_UIApplicationSupportsIndirectInputEvents = YES;
				INFOPLIST_KEY_UILaunchScreen_Generation = YES;
				INFOPLIST_KEY_UISupportedInterfaceOrientations_iPad = "UIInterfaceOrientationPortrait UIInterfaceOrientationPortraitUpsideDown UIInterfaceOrientationLandscapeLeft UIInterfaceOrientationLandscapeRight";
				INFOPLIST_KEY_UISupportedInterfaceOrientations_iPhone = "UIInterfaceOrientationPortrait UIInterfaceOrientationLandscapeLeft UIInterfaceOrientationLandscapeRight";
				LD_RUNPATH_SEARCH_PATHS = (
					"$(inherited)",
					"@executable_path/Frameworks",
				);
				MARKETING_VERSION = 1.0;
				PRODUCT_BUNDLE_IDENTIFIER = "com.Flash.BitcoinWallet-iOS";
				PRODUCT_NAME = "$(TARGET_NAME)";
				SWIFT_EMIT_LOC_STRINGS = YES;
				SWIFT_VERSION = 5.0;
				TARGETED_DEVICE_FAMILY = "1,2";
			};
			name = Debug;
		};
		E7BCF1552A829A79003CE0CD /* Release */ = {
			isa = XCBuildConfiguration;
			buildSettings = {
				ASSETCATALOG_COMPILER_APPICON_NAME = AppIcon;
				ASSETCATALOG_COMPILER_GLOBAL_ACCENT_COLOR_NAME = AccentColor;
				CODE_SIGN_STYLE = Automatic;
				CURRENT_PROJECT_VERSION = 1;
				DEVELOPMENT_ASSET_PATHS = "\"BitcoinWallet-iOS/Preview Content\"";
				ENABLE_PREVIEWS = YES;
				GENERATE_INFOPLIST_FILE = YES;
				INFOPLIST_KEY_UIApplicationSceneManifest_Generation = YES;
				INFOPLIST_KEY_UIApplicationSupportsIndirectInputEvents = YES;
				INFOPLIST_KEY_UILaunchScreen_Generation = YES;
				INFOPLIST_KEY_UISupportedInterfaceOrientations_iPad = "UIInterfaceOrientationPortrait UIInterfaceOrientationPortraitUpsideDown UIInterfaceOrientationLandscapeLeft UIInterfaceOrientationLandscapeRight";
				INFOPLIST_KEY_UISupportedInterfaceOrientations_iPhone = "UIInterfaceOrientationPortrait UIInterfaceOrientationLandscapeLeft UIInterfaceOrientationLandscapeRight";
				LD_RUNPATH_SEARCH_PATHS = (
					"$(inherited)",
					"@executable_path/Frameworks",
				);
				MARKETING_VERSION = 1.0;
				PRODUCT_BUNDLE_IDENTIFIER = "com.Flash.BitcoinWallet-iOS";
				PRODUCT_NAME = "$(TARGET_NAME)";
				SWIFT_EMIT_LOC_STRINGS = YES;
				SWIFT_VERSION = 5.0;
				TARGETED_DEVICE_FAMILY = "1,2";
			};
			name = Release;
		};
/* End XCBuildConfiguration section */

/* Begin XCConfigurationList section */
		E7BCF1402A829A77003CE0CD /* Build configuration list for PBXProject "BitcoinWallet-iOS" */ = {
			isa = XCConfigurationList;
			buildConfigurations = (
				E7BCF1512A829A79003CE0CD /* Debug */,
				E7BCF1522A829A79003CE0CD /* Release */,
			);
			defaultConfigurationIsVisible = 0;
			defaultConfigurationName = Release;
		};
		E7BCF1532A829A79003CE0CD /* Build configuration list for PBXNativeTarget "BitcoinWallet-iOS" */ = {
			isa = XCConfigurationList;
			buildConfigurations = (
				E7BCF1542A829A79003CE0CD /* Debug */,
				E7BCF1552A829A79003CE0CD /* Release */,
			);
			defaultConfigurationIsVisible = 0;
			defaultConfigurationName = Release;
		};
/* End XCConfigurationList section */
	};
	rootObject = E7BCF13D2A829A77003CE0CD /* Project object */;
}
